
Microsoft Visual Studio Solution File, Format Version 12.00
# Visual Studio Version 17
VisualStudioVersion = 17.6.33829.357
MinimumVisualStudioVersion = 10.0.40219.1
Project("{FAE04EC0-301F-11D3-BF4B-00C04F79EFBC}") = "Media Player", "Media Player\Media Player.csproj", "{02AC6E6B-A47A-4C8A-B88B-863374026F48}"
EndProject
Global
	GlobalSection(SolutionConfigurationPlatforms) = preSolution
		Debug|Any CPU = Debug|Any CPU
		Release|Any CPU = Release|Any CPU
	EndGlobalSection
	GlobalSection(ProjectConfigurationPlatforms) = postSolution
		{02AC6E6B-A47A-4C8A-B88B-863374026F48}.Debug|Any CPU.ActiveCfg = Debug|Any CPU
		{02AC6E6B-A47A-4C8A-B88B-863374026F48}.Debug|Any CPU.Build.0 = Debug|Any CPU
		{02AC6E6B-A47A-4C8A-B88B-863374026F48}.Release|Any CPU.ActiveCfg = Release|Any CPU
		{02AC6E6B-A47A-4C8A-B88B-863374026F48}.Release|Any CPU.Build.0 = Release|Any CPU
	EndGlobalSection
	GlobalSection(SolutionProperties) = preSolution
		HideSolutionNode = FALSE
	EndGlobalSection
	GlobalSection(ExtensibilityGlobals) = postSolution
		SolutionGuid = {2EBAD373-E550-42A5-88E2-A820DA05B8FB}
	EndGlobalSection
EndGlobal
